Microsoft Visual Studio Solution File, Format Version 12.00
# Visual Studio Version 17
VisualStudioVersion = 17.5.2.0
MinimumVisualStudioVersion = 10.0.40219.1
Project("{FAE04EC0-301F-11D3-BF4B-00C04F79EFBC}") = "AulaInvertida", "AulaInvertida.csproj", "{17AC8411-711A-8D6F-2D8F-355425EFD71A}"
EndProject
Global
	GlobalSection(SolutionConfigurationPlatforms) = preSolution
		Debug|Any CPU = Debug|Any CPU
		Release|Any CPU = Release|Any CPU
	EndGlobalSection
	GlobalSection(ProjectConfigurationPlatforms) = postSolution
		{17AC8411-711A-8D6F-2D8F-355425EFD71A}.Debug|Any CPU.ActiveCfg = Debug|Any CPU
		{17AC8411-711A-8D6F-2D8F-355425EFD71A}.Debug|Any CPU.Build.0 = Debug|Any CPU
		{17AC8411-711A-8D6F-2D8F-355425EFD71A}.Release|Any CPU.ActiveCfg = Release|Any CPU
		{17AC8411-711A-8D6F-2D8F-355425EFD71A}.Release|Any CPU.Build.0 = Release|Any CPU
	EndGlobalSection
	GlobalSection(SolutionProperties) = preSolution
		HideSolutionNode = FALSE
	EndGlobalSection
	GlobalSection(ExtensibilityGlobals) = postSolution
		SolutionGuid = {EDF20E60-E5D4-46DE-AD67-9FB27584AC00}
	EndGlobalSection
EndGlobal
